// !$*UTF8*$!
{
	archiveVersion = 1;
	classes = {
	};
	objectVersion = 56;
	objects = {

/* Begin PBXBuildFile section */
		2A932D7E396EEE967E79FFC2 /* Pods_ShisyutsuMemo.framework in Frameworks */ = {isa = PBXBuildFile; fileRef = C4E31AF00A173223010FA4AB /* Pods_ShisyutsuMemo.framework */; };
		481D38482A40B538000A2D63 /* LastMonthExpenditureDetailView.swift in Sources */ = {isa = PBXBuildFile; fileRef = 481D38472A40B538000A2D63 /* LastMonthExpenditureDetailView.swift */; };
		481D384C2A40B5A0000A2D63 /* LastMonthExpenditureDetailViewModel.swift in Sources */ = {isa = PBXBuildFile; fileRef = 481D384B2A40B5A0000A2D63 /* LastMonthExpenditureDetailViewModel.swift */; };
		481D38522A420AD6000A2D63 /* ExpenditureAction.swift in Sources */ = {isa = PBXBuildFile; fileRef = 481D38512A420AD6000A2D63 /* ExpenditureAction.swift */; };
		4850B91A2A35BF2000B73290 /* HomeViewModel.swift in Sources */ = {isa = PBXBuildFile; fileRef = 4850B9192A35BF2000B73290 /* HomeViewModel.swift */; };
		4850B91C2A35BFD500B73290 /* ViewModelObject.swift in Sources */ = {isa = PBXBuildFile; fileRef = 4850B91B2A35BFD500B73290 /* ViewModelObject.swift */; };
		4850B91F2A35C13000B73290 /* GetCurrentMonthUseCase.swift in Sources */ = {isa = PBXBuildFile; fileRef = 4850B91E2A35C13000B73290 /* GetCurrentMonthUseCase.swift */; };
		4850B9222A35C95400B73290 /* Text+.swift in Sources */ = {isa = PBXBuildFile; fileRef = 4850B9212A35C95400B73290 /* Text+.swift */; };
		4850B9262A35D5D900B73290 /* ExpensesInputView.swift in Sources */ = {isa = PBXBuildFile; fileRef = 4850B9252A35D5D900B73290 /* ExpensesInputView.swift */; };
		4850B9282A35DA2000B73290 /* ExpensesInputViewModel.swift in Sources */ = {isa = PBXBuildFile; fileRef = 4850B9272A35DA2000B73290 /* ExpensesInputViewModel.swift */; };
		485346942A5955FB00911299 /* AdBanner.swift in Sources */ = {isa = PBXBuildFile; fileRef = 485346932A5955FB00911299 /* AdBanner.swift */; };
		485346962A5989B900911299 /* IDFARepository.swift in Sources */ = {isa = PBXBuildFile; fileRef = 485346952A5989B900911299 /* IDFARepository.swift */; };
		485346982A598A5900911299 /* IDFAUseCase.swift in Sources */ = {isa = PBXBuildFile; fileRef = 485346972A598A5900911299 /* IDFAUseCase.swift */; };
		4853469B2A599FE600911299 /* IDFAPopupView.swift in Sources */ = {isa = PBXBuildFile; fileRef = 4853469A2A599FE600911299 /* IDFAPopupView.swift */; };
		48A7CFC22A342647005A92FC /* ShisyutsuMemoApp.swift in Sources */ = {isa = PBXBuildFile; fileRef = 48A7CFC12A342647005A92FC /* ShisyutsuMemoApp.swift */; };
		48A7CFC42A342647005A92FC /* HomeView.swift in Sources */ = {isa = PBXBuildFile; fileRef = 48A7CFC32A342647005A92FC /* HomeView.swift */; };
		48A7CFC62A34264E005A92FC /* Assets.xcassets in Resources */ = {isa = PBXBuildFile; fileRef = 48A7CFC52A34264E005A92FC /* Assets.xcassets */; };
		48A7CFCA2A34264E005A92FC /* Preview Assets.xcassets in Resources */ = {isa = PBXBuildFile; fileRef = 48A7CFC92A34264E005A92FC /* Preview Assets.xcassets */; };
		48A7CFD52A343ED6005A92FC /* SplashView.swift in Sources */ = {isa = PBXBuildFile; fileRef = 48A7CFD42A343ED6005A92FC /* SplashView.swift */; };
		48CC995F2A449C8E00F35A9E /* SettingView.swift in Sources */ = {isa = PBXBuildFile; fileRef = 48CC995E2A449C8E00F35A9E /* SettingView.swift */; };
		48CC99612A449F5000F35A9E /* NavigationModifier.swift in Sources */ = {isa = PBXBuildFile; fileRef = 48CC99602A449F5000F35A9E /* NavigationModifier.swift */; };
		48CC99652A44A3A100F35A9E /* TermsOfServiceView.swift in Sources */ = {isa = PBXBuildFile; fileRef = 48CC99642A44A3A100F35A9E /* TermsOfServiceView.swift */; };
		48CC99672A44A4C000F35A9E /* SettingViewModel.swift in Sources */ = {isa = PBXBuildFile; fileRef = 48CC99662A44A4BF00F35A9E /* SettingViewModel.swift */; };
		48CC99692A44AD9E00F35A9E /* TermsOfService.swift in Sources */ = {isa = PBXBuildFile; fileRef = 48CC99682A44AD9E00F35A9E /* TermsOfService.swift */; };
		48CC99762A4830F900F35A9E /* AppDelegate.swift in Sources */ = {isa = PBXBuildFile; fileRef = 48CC99752A4830F900F35A9E /* AppDelegate.swift */; };
		48CC997A2A4833D000F35A9E /* GoogleService-Info.plist in Resources */ = {isa = PBXBuildFile; fileRef = 48CC99792A4833D000F35A9E /* GoogleService-Info.plist */; };
		48CC997D2A4834F800F35A9E /* FirebaseAnalytics in Frameworks */ = {isa = PBXBuildFile; productRef = 48CC997C2A4834F800F35A9E /* FirebaseAnalytics */; };
		48CC997F2A4839E900F35A9E /* Settings.bundle in Resources */ = {isa = PBXBuildFile; fileRef = 48CC997E2A4839E900F35A9E /* Settings.bundle */; };
		48FFFC6F2A3B6CA600611C75 /* CustomCornerRadius.swift in Sources */ = {isa = PBXBuildFile; fileRef = 48FFFC6E2A3B6CA600611C75 /* CustomCornerRadius.swift */; };
		48FFFC712A3B714100611C75 /* Tab.swift in Sources */ = {isa = PBXBuildFile; fileRef = 48FFFC702A3B714100611C75 /* Tab.swift */; };
		48FFFC732A3B737100611C75 /* CustomTabBar.swift in Sources */ = {isa = PBXBuildFile; fileRef = 48FFFC722A3B737100611C75 /* CustomTabBar.swift */; };
		48FFFC762A3B765600611C75 /* ExpenseView.swift in Sources */ = {isa = PBXBuildFile; fileRef = 48FFFC752A3B765600611C75 /* ExpenseView.swift */; };
		48FFFC782A3B7AFC00611C75 /* UnderLine.swift in Sources */ = {isa = PBXBuildFile; fileRef = 48FFFC772A3B7AFC00611C75 /* UnderLine.swift */; };
		48FFFC812A3C8C4A00611C75 /* CurrentMonthExpenditureDetailView.swift in Sources */ = {isa = PBXBuildFile; fileRef = 48FFFC802A3C8C4A00611C75 /* CurrentMonthExpenditureDetailView.swift */; };
		48FFFC832A3C8CBB00611C75 /* CurrentMonthExpenditureDetailViewModel.swift in Sources */ = {isa = PBXBuildFile; fileRef = 48FFFC822A3C8CBB00611C75 /* CurrentMonthExpenditureDetailViewModel.swift */; };
		48FFFC882A3D8E4800611C75 /* PaymentType.swift in Sources */ = {isa = PBXBuildFile; fileRef = 48FFFC872A3D8E4800611C75 /* PaymentType.swift */; };
		48FFFC8A2A3D9C2A00611C75 /* CustomTextInputField.swift in Sources */ = {isa = PBXBuildFile; fileRef = 48FFFC892A3D9C2A00611C75 /* CustomTextInputField.swift */; };
		48FFFC8E2A3EDD2200611C75 /* Expenditure.swift in Sources */ = {isa = PBXBuildFile; fileRef = 48FFFC8D2A3EDD2200611C75 /* Expenditure.swift */; };
		48FFFC912A3EDDB200611C75 /* ExpenditureRepository.swift in Sources */ = {isa = PBXBuildFile; fileRef = 48FFFC902A3EDDB200611C75 /* ExpenditureRepository.swift */; };
		48FFFC932A3EDE2F00611C75 /* ExpenditureUseCase.swift in Sources */ = {isa = PBXBuildFile; fileRef = 48FFFC922A3EDE2F00611C75 /* ExpenditureUseCase.swift */; };
		48FFFC972A40AAEF00611C75 /* Date+.swift in Sources */ = {isa = PBXBuildFile; fileRef = 48FFFC962A40AAEF00611C75 /* Date+.swift */; };
/* End PBXBuildFile section */

/* Begin PBXFileReference section */
		481D38472A40B538000A2D63 /* LastMonthExpenditureDetailView.swift */ = {isa = PBXFileReference; lastKnownFileType = sourcecode.swift; path = LastMonthExpenditureDetailView.swift; sourceTree = "<group>"; };
		481D384B2A40B5A0000A2D63 /* LastMonthExpenditureDetailViewModel.swift */ = {isa = PBXFileReference; lastKnownFileType = sourcecode.swift; path = LastMonthExpenditureDetailViewModel.swift; sourceTree = "<group>"; };
		481D38512A420AD6000A2D63 /* ExpenditureAction.swift */ = {isa = PBXFileReference; lastKnownFileType = sourcecode.swift; path = ExpenditureAction.swift; sourceTree = "<group>"; };
		4850B9192A35BF2000B73290 /* HomeViewModel.swift */ = {isa = PBXFileReference; lastKnownFileType = sourcecode.swift; path = HomeViewModel.swift; sourceTree = "<group>"; };
		4850B91B2A35BFD500B73290 /* ViewModelObject.swift */ = {isa = PBXFileReference; lastKnownFileType = sourcecode.swift; path = ViewModelObject.swift; sourceTree = "<group>"; };
		4850B91E2A35C13000B73290 /* GetCurrentMonthUseCase.swift */ = {isa = PBXFileReference; lastKnownFileType = sourcecode.swift; path = GetCurrentMonthUseCase.swift; sourceTree = "<group>"; };
		4850B9212A35C95400B73290 /* Text+.swift */ = {isa = PBXFileReference; lastKnownFileType = sourcecode.swift; path = "Text+.swift"; sourceTree = "<group>"; };
		4850B9252A35D5D900B73290 /* ExpensesInputView.swift */ = {isa = PBXFileReference; lastKnownFileType = sourcecode.swift; path = ExpensesInputView.swift; sourceTree = "<group>"; };
		4850B9272A35DA2000B73290 /* ExpensesInputViewModel.swift */ = {isa = PBXFileReference; lastKnownFileType = sourcecode.swift; path = ExpensesInputViewModel.swift; sourceTree = "<group>"; };
		485346932A5955FB00911299 /* AdBanner.swift */ = {isa = PBXFileReference; lastKnownFileType = sourcecode.swift; path = AdBanner.swift; sourceTree = "<group>"; };
		485346952A5989B900911299 /* IDFARepository.swift */ = {isa = PBXFileReference; lastKnownFileType = sourcecode.swift; path = IDFARepository.swift; sourceTree = "<group>"; };
		485346972A598A5900911299 /* IDFAUseCase.swift */ = {isa = PBXFileReference; lastKnownFileType = sourcecode.swift; path = IDFAUseCase.swift; sourceTree = "<group>"; };
		4853469A2A599FE600911299 /* IDFAPopupView.swift */ = {isa = PBXFileReference; lastKnownFileType = sourcecode.swift; path = IDFAPopupView.swift; sourceTree = "<group>"; };
		48A7CFBE2A342647005A92FC /* ShisyutsuMemo.app */ = {isa = PBXFileReference; explicitFileType = wrapper.application; includeInIndex = 0; path = ShisyutsuMemo.app; sourceTree = BUILT_PRODUCTS_DIR; };
		48A7CFC12A342647005A92FC /* ShisyutsuMemoApp.swift */ = {isa = PBXFileReference; lastKnownFileType = sourcecode.swift; path = ShisyutsuMemoApp.swift; sourceTree = "<group>"; };
		48A7CFC32A342647005A92FC /* HomeView.swift */ = {isa = PBXFileReference; lastKnownFileType = sourcecode.swift; path = HomeView.swift; sourceTree = "<group>"; };
		48A7CFC52A34264E005A92FC /* Assets.xcassets */ = {isa = PBXFileReference; lastKnownFileType = folder.assetcatalog; path = Assets.xcassets; sourceTree = "<group>"; };
		48A7CFC72A34264E005A92FC /* ShisyutsuMemo.entitlements */ = {isa = PBXFileReference; lastKnownFileType = text.plist.entitlements; path = ShisyutsuMemo.entitlements; sourceTree = "<group>"; };
		48A7CFC92A34264E005A92FC /* Preview Assets.xcassets */ = {isa = PBXFileReference; lastKnownFileType = folder.assetcatalog; path = "Preview Assets.xcassets"; sourceTree = "<group>"; };
		48A7CFD02A343C5D005A92FC /* Info.plist */ = {isa = PBXFileReference; lastKnownFileType = text.plist; path = Info.plist; sourceTree = "<group>"; };
		48A7CFD42A343ED6005A92FC /* SplashView.swift */ = {isa = PBXFileReference; lastKnownFileType = sourcecode.swift; path = SplashView.swift; sourceTree = "<group>"; };
		48CC995E2A449C8E00F35A9E /* SettingView.swift */ = {isa = PBXFileReference; lastKnownFileType = sourcecode.swift; path = SettingView.swift; sourceTree = "<group>"; };
		48CC99602A449F5000F35A9E /* NavigationModifier.swift */ = {isa = PBXFileReference; lastKnownFileType = sourcecode.swift; path = NavigationModifier.swift; sourceTree = "<group>"; };
		48CC99642A44A3A100F35A9E /* TermsOfServiceView.swift */ = {isa = PBXFileReference; lastKnownFileType = sourcecode.swift; path = TermsOfServiceView.swift; sourceTree = "<group>"; };
		48CC99662A44A4BF00F35A9E /* SettingViewModel.swift */ = {isa = PBXFileReference; lastKnownFileType = sourcecode.swift; path = SettingViewModel.swift; sourceTree = "<group>"; };
		48CC99682A44AD9E00F35A9E /* TermsOfService.swift */ = {isa = PBXFileReference; lastKnownFileType = sourcecode.swift; path = TermsOfService.swift; sourceTree = "<group>"; };
		48CC99752A4830F900F35A9E /* AppDelegate.swift */ = {isa = PBXFileReference; lastKnownFileType = sourcecode.swift; path = AppDelegate.swift; sourceTree = "<group>"; };
		48CC99792A4833D000F35A9E /* GoogleService-Info.plist */ = {isa = PBXFileReference; fileEncoding = 4; lastKnownFileType = text.plist.xml; path = "GoogleService-Info.plist"; sourceTree = "<group>"; };
		48CC997E2A4839E900F35A9E /* Settings.bundle */ = {isa = PBXFileReference; lastKnownFileType = "wrapper.plug-in"; path = Settings.bundle; sourceTree = "<group>"; };
		48FFFC6E2A3B6CA600611C75 /* CustomCornerRadius.swift */ = {isa = PBXFileReference; lastKnownFileType = sourcecode.swift; path = CustomCornerRadius.swift; sourceTree = "<group>"; };
		48FFFC702A3B714100611C75 /* Tab.swift */ = {isa = PBXFileReference; lastKnownFileType = sourcecode.swift; path = Tab.swift; sourceTree = "<group>"; };
		48FFFC722A3B737100611C75 /* CustomTabBar.swift */ = {isa = PBXFileReference; lastKnownFileType = sourcecode.swift; path = CustomTabBar.swift; sourceTree = "<group>"; };
		48FFFC752A3B765600611C75 /* ExpenseView.swift */ = {isa = PBXFileReference; lastKnownFileType = sourcecode.swift; path = ExpenseView.swift; sourceTree = "<group>"; };
		48FFFC772A3B7AFC00611C75 /* UnderLine.swift */ = {isa = PBXFileReference; lastKnownFileType = sourcecode.swift; path = UnderLine.swift; sourceTree = "<group>"; };
		48FFFC802A3C8C4A00611C75 /* CurrentMonthExpenditureDetailView.swift */ = {isa = PBXFileReference; lastKnownFileType = sourcecode.swift; path = CurrentMonthExpenditureDetailView.swift; sourceTree = "<group>"; };
		48FFFC822A3C8CBB00611C75 /* CurrentMonthExpenditureDetailViewModel.swift */ = {isa = PBXFileReference; lastKnownFileType = sourcecode.swift; path = CurrentMonthExpenditureDetailViewModel.swift; sourceTree = "<group>"; };
		48FFFC872A3D8E4800611C75 /* PaymentType.swift */ = {isa = PBXFileReference; lastKnownFileType = sourcecode.swift; path = PaymentType.swift; sourceTree = "<group>"; };
		48FFFC892A3D9C2A00611C75 /* CustomTextInputField.swift */ = {isa = PBXFileReference; lastKnownFileType = sourcecode.swift; path = CustomTextInputField.swift; sourceTree = "<group>"; };
		48FFFC8D2A3EDD2200611C75 /* Expenditure.swift */ = {isa = PBXFileReference; lastKnownFileType = sourcecode.swift; path = Expenditure.swift; sourceTree = "<group>"; };
		48FFFC902A3EDDB200611C75 /* ExpenditureRepository.swift */ = {isa = PBXFileReference; lastKnownFileType = sourcecode.swift; path = ExpenditureRepository.swift; sourceTree = "<group>"; };
		48FFFC922A3EDE2F00611C75 /* ExpenditureUseCase.swift */ = {isa = PBXFileReference; lastKnownFileType = sourcecode.swift; path = ExpenditureUseCase.swift; sourceTree = "<group>"; };
		48FFFC962A40AAEF00611C75 /* Date+.swift */ = {isa = PBXFileReference; lastKnownFileType = sourcecode.swift; path = "Date+.swift"; sourceTree = "<group>"; };
		5B78F456E74989AE8F9F5FD4 /* Pods-ShisyutsuMemo.debug.xcconfig */ = {isa = PBXFileReference; includeInIndex = 1; lastKnownFileType = text.xcconfig; name = "Pods-ShisyutsuMemo.debug.xcconfig"; path = "Target Support Files/Pods-ShisyutsuMemo/Pods-ShisyutsuMemo.debug.xcconfig"; sourceTree = "<group>"; };
		C4E31AF00A173223010FA4AB /* Pods_ShisyutsuMemo.framework */ = {isa = PBXFileReference; explicitFileType = wrapper.framework; includeInIndex = 0; path = Pods_ShisyutsuMemo.framework; sourceTree = BUILT_PRODUCTS_DIR; };
		DC0AE609EE0DF854E297F8FE /* Pods-ShisyutsuMemo.release.xcconfig */ = {isa = PBXFileReference; includeInIndex = 1; lastKnownFileType = text.xcconfig; name = "Pods-ShisyutsuMemo.release.xcconfig"; path = "Target Support Files/Pods-ShisyutsuMemo/Pods-ShisyutsuMemo.release.xcconfig"; sourceTree = "<group>"; };
/* End PBXFileReference section */

/* Begin PBXFrameworksBuildPhase section */
		48A7CFBB2A342647005A92FC /* Frameworks */ = {
			isa = PBXFrameworksBuildPhase;
			buildActionMask = 2147483647;
			files = (
				48CC997D2A4834F800F35A9E /* FirebaseAnalytics in Frameworks */,
				2A932D7E396EEE967E79FFC2 /* Pods_ShisyutsuMemo.framework in Frameworks */,
			);
			runOnlyForDeploymentPostprocessing = 0;
		};
/* End PBXFrameworksBuildPhase section */

/* Begin PBXGroup section */
		481D38492A40B573000A2D63 /* CurrentMonth */ = {
			isa = PBXGroup;
			children = (
				48FFFC802A3C8C4A00611C75 /* CurrentMonthExpenditureDetailView.swift */,
				48FFFC822A3C8CBB00611C75 /* CurrentMonthExpenditureDetailViewModel.swift */,
			);
			path = CurrentMonth;
			sourceTree = "<group>";
		};
		481D384A2A40B583000A2D63 /* LastMonth */ = {
			isa = PBXGroup;
			children = (
				481D38472A40B538000A2D63 /* LastMonthExpenditureDetailView.swift */,
				481D384B2A40B5A0000A2D63 /* LastMonthExpenditureDetailViewModel.swift */,
			);
			path = LastMonth;
			sourceTree = "<group>";
		};
		4850B9182A35BF0A00B73290 /* Home */ = {
			isa = PBXGroup;
			children = (
				48A7CFC32A342647005A92FC /* HomeView.swift */,
				4850B9192A35BF2000B73290 /* HomeViewModel.swift */,
				48FFFC702A3B714100611C75 /* Tab.swift */,
			);
			path = Home;
			sourceTree = "<group>";
		};
		4850B91D2A35C0FB00B73290 /* UseCase */ = {
			isa = PBXGroup;
			children = (
				4850B91E2A35C13000B73290 /* GetCurrentMonthUseCase.swift */,
				48FFFC922A3EDE2F00611C75 /* ExpenditureUseCase.swift */,
				485346972A598A5900911299 /* IDFAUseCase.swift */,
			);
			path = UseCase;
			sourceTree = "<group>";
		};
		4850B9202A35C94000B73290 /* Extension */ = {
			isa = PBXGroup;
			children = (
				4850B9212A35C95400B73290 /* Text+.swift */,
				48FFFC962A40AAEF00611C75 /* Date+.swift */,
			);
			path = Extension;
			sourceTree = "<group>";
		};
		4850B9242A35D5C200B73290 /* ExpensesInput */ = {
			isa = PBXGroup;
			children = (
				4850B9252A35D5D900B73290 /* ExpensesInputView.swift */,
				4850B9272A35DA2000B73290 /* ExpensesInputViewModel.swift */,
				481D38512A420AD6000A2D63 /* ExpenditureAction.swift */,
			);
			path = ExpensesInput;
			sourceTree = "<group>";
		};
		485346902A59422E00911299 /* AdMob */ = {
			isa = PBXGroup;
			children = (
				485346932A5955FB00911299 /* AdBanner.swift */,
			);
			path = AdMob;
			sourceTree = "<group>";
		};
		485346992A599FC200911299 /* IDFAPopup */ = {
			isa = PBXGroup;
			children = (
				4853469A2A599FE600911299 /* IDFAPopupView.swift */,
			);
			path = IDFAPopup;
			sourceTree = "<group>";
		};
		48A7CFB52A342647005A92FC = {
			isa = PBXGroup;
			children = (
				48A7CFC02A342647005A92FC /* ShisyutsuMemo */,
				48A7CFBF2A342647005A92FC /* Products */,
				54D324D2E709F80D1D25BAFD /* Pods */,
				F357BCF4C1A1C2630B617B2A /* Frameworks */,
			);
			sourceTree = "<group>";
		};
		48A7CFBF2A342647005A92FC /* Products */ = {
			isa = PBXGroup;
			children = (
				48A7CFBE2A342647005A92FC /* ShisyutsuMemo.app */,
			);
			name = Products;
			sourceTree = "<group>";
		};
		48A7CFC02A342647005A92FC /* ShisyutsuMemo */ = {
			isa = PBXGroup;
			children = (
				48CC99792A4833D000F35A9E /* GoogleService-Info.plist */,
				48A7CFD02A343C5D005A92FC /* Info.plist */,
				48CC99752A4830F900F35A9E /* AppDelegate.swift */,
				48A7CFC12A342647005A92FC /* ShisyutsuMemoApp.swift */,
				4850B9202A35C94000B73290 /* Extension */,
				48FFFC8B2A3EDCED00611C75 /* Data */,
				4850B91D2A35C0FB00B73290 /* UseCase */,
				48A7CFD32A343EC2005A92FC /* View */,
				48A7CFC52A34264E005A92FC /* Assets.xcassets */,
				48A7CFC72A34264E005A92FC /* ShisyutsuMemo.entitlements */,
				48A7CFC82A34264E005A92FC /* Preview Content */,
				48CC997E2A4839E900F35A9E /* Settings.bundle */,
			);
			path = ShisyutsuMemo;
			sourceTree = "<group>";
		};
		48A7CFC82A34264E005A92FC /* Preview Content */ = {
			isa = PBXGroup;
			children = (
				48A7CFC92A34264E005A92FC /* Preview Assets.xcassets */,
			);
			path = "Preview Content";
			sourceTree = "<group>";
		};
		48A7CFD32A343EC2005A92FC /* View */ = {
			isa = PBXGroup;
			children = (
				485346992A599FC200911299 /* IDFAPopup */,
				485346902A59422E00911299 /* AdMob */,
				48CC99632A44A36E00F35A9E /* Utility */,
				48CC99622A44A35A00F35A9E /* TermsOfServiceView */,
				48CC995D2A449C7900F35A9E /* SettingView */,
				48A7CFD42A343ED6005A92FC /* SplashView.swift */,
				48FFFC7F2A3C8C1700611C75 /* ExpenditureDetail */,
				4850B9242A35D5C200B73290 /* ExpensesInput */,
				4850B9182A35BF0A00B73290 /* Home */,
				4850B91B2A35BFD500B73290 /* ViewModelObject.swift */,
			);
			path = View;
			sourceTree = "<group>";
		};
		48CC995D2A449C7900F35A9E /* SettingView */ = {
			isa = PBXGroup;
			children = (
				48CC995E2A449C8E00F35A9E /* SettingView.swift */,
				48CC99662A44A4BF00F35A9E /* SettingViewModel.swift */,
			);
			path = SettingView;
			sourceTree = "<group>";
		};
		48CC99622A44A35A00F35A9E /* TermsOfServiceView */ = {
			isa = PBXGroup;
			children = (
				48CC99642A44A3A100F35A9E /* TermsOfServiceView.swift */,
			);
			path = TermsOfServiceView;
			sourceTree = "<group>";
		};
		48CC99632A44A36E00F35A9E /* Utility */ = {
			isa = PBXGroup;
			children = (
				48FFFC722A3B737100611C75 /* CustomTabBar.swift */,
				48FFFC6D2A3B6C7800611C75 /* ViewModifier */,
			);
			path = Utility;
			sourceTree = "<group>";
		};
		48FFFC6D2A3B6C7800611C75 /* ViewModifier */ = {
			isa = PBXGroup;
			children = (
				48FFFC892A3D9C2A00611C75 /* CustomTextInputField.swift */,
				48FFFC6E2A3B6CA600611C75 /* CustomCornerRadius.swift */,
				48CC99602A449F5000F35A9E /* NavigationModifier.swift */,
				48FFFC772A3B7AFC00611C75 /* UnderLine.swift */,
			);
			path = ViewModifier;
			sourceTree = "<group>";
		};
		48FFFC742A3B762300611C75 /* Parts */ = {
			isa = PBXGroup;
			children = (
				48FFFC752A3B765600611C75 /* ExpenseView.swift */,
			);
			path = Parts;
			sourceTree = "<group>";
		};
		48FFFC7F2A3C8C1700611C75 /* ExpenditureDetail */ = {
			isa = PBXGroup;
			children = (
				481D38492A40B573000A2D63 /* CurrentMonth */,
				481D384A2A40B583000A2D63 /* LastMonth */,
				48FFFC742A3B762300611C75 /* Parts */,
			);
			path = ExpenditureDetail;
			sourceTree = "<group>";
		};
		48FFFC862A3D8E2F00611C75 /* Entity */ = {
			isa = PBXGroup;
			children = (
				48FFFC872A3D8E4800611C75 /* PaymentType.swift */,
				48CC99682A44AD9E00F35A9E /* TermsOfService.swift */,
			);
			path = Entity;
			sourceTree = "<group>";
		};
		48FFFC8B2A3EDCED00611C75 /* Data */ = {
			isa = PBXGroup;
			children = (
				48FFFC862A3D8E2F00611C75 /* Entity */,
				48FFFC8F2A3EDD9000611C75 /* Repository */,
				48FFFC8C2A3EDCFB00611C75 /* Model */,
			);
			path = Data;
			sourceTree = "<group>";
		};
		48FFFC8C2A3EDCFB00611C75 /* Model */ = {
			isa = PBXGroup;
			children = (
				48FFFC8D2A3EDD2200611C75 /* Expenditure.swift */,
			);
			path = Model;
			sourceTree = "<group>";
		};
		48FFFC8F2A3EDD9000611C75 /* Repository */ = {
			isa = PBXGroup;
			children = (
				48FFFC902A3EDDB200611C75 /* ExpenditureRepository.swift */,
				485346952A5989B900911299 /* IDFARepository.swift */,
			);
			path = Repository;
			sourceTree = "<group>";
		};
		54D324D2E709F80D1D25BAFD /* Pods */ = {
			isa = PBXGroup;
			children = (
				5B78F456E74989AE8F9F5FD4 /* Pods-ShisyutsuMemo.debug.xcconfig */,
				DC0AE609EE0DF854E297F8FE /* Pods-ShisyutsuMemo.release.xcconfig */,
			);
			path = Pods;
			sourceTree = "<group>";
		};
		F357BCF4C1A1C2630B617B2A /* Frameworks */ = {
			isa = PBXGroup;
			children = (
				C4E31AF00A173223010FA4AB /* Pods_ShisyutsuMemo.framework */,
			);
			name = Frameworks;
			sourceTree = "<group>";
		};
/* End PBXGroup section */

/* Begin PBXNativeTarget section */
		48A7CFBD2A342647005A92FC /* ShisyutsuMemo */ = {
			isa = PBXNativeTarget;
			buildConfigurationList = 48A7CFCD2A34264E005A92FC /* Build configuration list for PBXNativeTarget "ShisyutsuMemo" */;
			buildPhases = (
				CAACDF0DCB1F53D57B11A822 /* [CP] Check Pods Manifest.lock */,
				48A7CFBA2A342647005A92FC /* Sources */,
				48A7CFBB2A342647005A92FC /* Frameworks */,
				48A7CFBC2A342647005A92FC /* Resources */,
				E4A76DA7CB21BDAEB045B174 /* [CP] Embed Pods Frameworks */,
				48CC99822A483A9B00F35A9E /* ShellScript */,
			);
			buildRules = (
			);
			dependencies = (
			);
			name = ShisyutsuMemo;
			packageProductDependencies = (
				48CC997C2A4834F800F35A9E /* FirebaseAnalytics */,
			);
			productName = ShisyutsuMemo;
			productReference = 48A7CFBE2A342647005A92FC /* ShisyutsuMemo.app */;
			productType = "com.apple.product-type.application";
		};
/* End PBXNativeTarget section */

/* Begin PBXProject section */
		48A7CFB62A342647005A92FC /* Project object */ = {
			isa = PBXProject;
			attributes = {
				BuildIndependentTargetsInParallel = 1;
				LastSwiftUpdateCheck = 1410;
				LastUpgradeCheck = 1410;
				TargetAttributes = {
					48A7CFBD2A342647005A92FC = {
						CreatedOnToolsVersion = 14.1;
					};
				};
			};
			buildConfigurationList = 48A7CFB92A342647005A92FC /* Build configuration list for PBXProject "ShisyutsuMemo" */;
			compatibilityVersion = "Xcode 14.0";
			developmentRegion = en;
			hasScannedForEncodings = 0;
			knownRegions = (
				en,
				Base,
			);
			mainGroup = 48A7CFB52A342647005A92FC;
			packageReferences = (
				48CC997B2A4834F800F35A9E /* XCRemoteSwiftPackageReference "firebase-ios-sdk" */,
			);
			productRefGroup = 48A7CFBF2A342647005A92FC /* Products */;
			projectDirPath = "";
			projectRoot = "";
			targets = (
				48A7CFBD2A342647005A92FC /* ShisyutsuMemo */,
			);
		};
/* End PBXProject section */

/* Begin PBXResourcesBuildPhase section */
		48A7CFBC2A342647005A92FC /* Resources */ = {
			isa = PBXResourcesBuildPhase;
			buildActionMask = 2147483647;
			files = (
				48CC997F2A4839E900F35A9E /* Settings.bundle in Resources */,
				48A7CFCA2A34264E005A92FC /* Preview Assets.xcassets in Resources */,
				48A7CFC62A34264E005A92FC /* Assets.xcassets in Resources */,
				48CC997A2A4833D000F35A9E /* GoogleService-Info.plist in Resources */,
			);
			runOnlyForDeploymentPostprocessing = 0;
		};
/* End PBXResourcesBuildPhase section */

/* Begin PBXShellScriptBuildPhase section */
		48CC99822A483A9B00F35A9E /* ShellScript */ = {
			isa = PBXShellScriptBuildPhase;
			buildActionMask = 2147483647;
			files = (
			);
			inputFileListPaths = (
			);
			inputPaths = (
			);
			outputFileListPaths = (
			);
			outputPaths = (
			);
			runOnlyForDeploymentPostprocessing = 0;
			shellPath = /bin/sh;
			shellScript = "if [ $CONFIGURATION = \"Debug\" ]; then\n    ${PODS_ROOT}/LicensePlist/license-plist --output-path $PROJECT_NAME/Settings.bundle\nfi\n";
		};
		CAACDF0DCB1F53D57B11A822 /* [CP] Check Pods Manifest.lock */ = {
			isa = PBXShellScriptBuildPhase;
			buildActionMask = 2147483647;
			files = (
			);
			inputFileListPaths = (
			);
			inputPaths = (
				"${PODS_PODFILE_DIR_PATH}/Podfile.lock",
				"${PODS_ROOT}/Manifest.lock",
			);
			name = "[CP] Check Pods Manifest.lock";
			outputFileListPaths = (
			);
			outputPaths = (
				"$(DERIVED_FILE_DIR)/Pods-ShisyutsuMemo-checkManifestLockResult.txt",
			);
			runOnlyForDeploymentPostprocessing = 0;
			shellPath = /bin/sh;
			shellScript = "diff \"${PODS_PODFILE_DIR_PATH}/Podfile.lock\" \"${PODS_ROOT}/Manifest.lock\" > /dev/null\nif [ $? != 0 ] ; then\n    # print error to STDERR\n    echo \"error: The sandbox is not in sync with the Podfile.lock. Run 'pod install' or update your CocoaPods installation.\" >&2\n    exit 1\nfi\n# This output is used by Xcode 'outputs' to avoid re-running this script phase.\necho \"SUCCESS\" > \"${SCRIPT_OUTPUT_FILE_0}\"\n";
			showEnvVarsInLog = 0;
		};
		E4A76DA7CB21BDAEB045B174 /* [CP] Embed Pods Frameworks */ = {
			isa = PBXShellScriptBuildPhase;
			buildActionMask = 2147483647;
			files = (
			);
			inputFileListPaths = (
				"${PODS_ROOT}/Target Support Files/Pods-ShisyutsuMemo/Pods-ShisyutsuMemo-frameworks-${CONFIGURATION}-input-files.xcfilelist",
			);
			name = "[CP] Embed Pods Frameworks";
			outputFileListPaths = (
				"${PODS_ROOT}/Target Support Files/Pods-ShisyutsuMemo/Pods-ShisyutsuMemo-frameworks-${CONFIGURATION}-output-files.xcfilelist",
			);
			runOnlyForDeploymentPostprocessing = 0;
			shellPath = /bin/sh;
			shellScript = "\"${PODS_ROOT}/Target Support Files/Pods-ShisyutsuMemo/Pods-ShisyutsuMemo-frameworks.sh\"\n";
			showEnvVarsInLog = 0;
		};
/* End PBXShellScriptBuildPhase section */

/* Begin PBXSourcesBuildPhase section */
		48A7CFBA2A342647005A92FC /* Sources */ = {
			isa = PBXSourcesBuildPhase;
			buildActionMask = 2147483647;
			files = (
				48CC99692A44AD9E00F35A9E /* TermsOfService.swift in Sources */,
				48FFFC972A40AAEF00611C75 /* Date+.swift in Sources */,
				48A7CFC42A342647005A92FC /* HomeView.swift in Sources */,
				4850B91F2A35C13000B73290 /* GetCurrentMonthUseCase.swift in Sources */,
				4850B9222A35C95400B73290 /* Text+.swift in Sources */,
				481D38482A40B538000A2D63 /* LastMonthExpenditureDetailView.swift in Sources */,
				48A7CFC22A342647005A92FC /* ShisyutsuMemoApp.swift in Sources */,
				48FFFC8A2A3D9C2A00611C75 /* CustomTextInputField.swift in Sources */,
				48CC99612A449F5000F35A9E /* NavigationModifier.swift in Sources */,
				48FFFC882A3D8E4800611C75 /* PaymentType.swift in Sources */,
				481D384C2A40B5A0000A2D63 /* LastMonthExpenditureDetailViewModel.swift in Sources */,
				481D38522A420AD6000A2D63 /* ExpenditureAction.swift in Sources */,
				48FFFC932A3EDE2F00611C75 /* ExpenditureUseCase.swift in Sources */,
				48CC99672A44A4C000F35A9E /* SettingViewModel.swift in Sources */,
				48FFFC732A3B737100611C75 /* CustomTabBar.swift in Sources */,
				48FFFC762A3B765600611C75 /* ExpenseView.swift in Sources */,
				4853469B2A599FE600911299 /* IDFAPopupView.swift in Sources */,
				4850B91C2A35BFD500B73290 /* ViewModelObject.swift in Sources */,
				48FFFC8E2A3EDD2200611C75 /* Expenditure.swift in Sources */,
				48FFFC712A3B714100611C75 /* Tab.swift in Sources */,
				48FFFC6F2A3B6CA600611C75 /* CustomCornerRadius.swift in Sources */,
				4850B9282A35DA2000B73290 /* ExpensesInputViewModel.swift in Sources */,
				48CC99652A44A3A100F35A9E /* TermsOfServiceView.swift in Sources */,
				48CC99762A4830F900F35A9E /* AppDelegate.swift in Sources */,
				485346962A5989B900911299 /* IDFARepository.swift in Sources */,
				48A7CFD52A343ED6005A92FC /* SplashView.swift in Sources */,
				48FFFC832A3C8CBB00611C75 /* CurrentMonthExpenditureDetailViewModel.swift in Sources */,
				4850B91A2A35BF2000B73290 /* HomeViewModel.swift in Sources */,
				485346982A598A5900911299 /* IDFAUseCase.swift in Sources */,
				48CC995F2A449C8E00F35A9E /* SettingView.swift in Sources */,
				48FFFC782A3B7AFC00611C75 /* UnderLine.swift in Sources */,
				48FFFC812A3C8C4A00611C75 /* CurrentMonthExpenditureDetailView.swift in Sources */,
				4850B9262A35D5D900B73290 /* ExpensesInputView.swift in Sources */,
				485346942A5955FB00911299 /* AdBanner.swift in Sources */,
				48FFFC912A3EDDB200611C75 /* ExpenditureRepository.swift in Sources */,
			);
			runOnlyForDeploymentPostprocessing = 0;
		};
/* End PBXSourcesBuildPhase section */

/* Begin XCBuildConfiguration section */
		48A7CFCB2A34264E005A92FC /* Debug */ = {
			isa = XCBuildConfiguration;
			buildSettings = {
				ALWAYS_SEARCH_USER_PATHS = NO;
				CLANG_ANALYZER_NONNULL = YES;
				CLANG_ANALYZER_NUMBER_OBJECT_CONVERSION = YES_AGGRESSIVE;
				CLANG_CXX_LANGUAGE_STANDARD = "gnu++20";
				CLANG_ENABLE_MODULES = YES;
				CLANG_ENABLE_OBJC_ARC = YES;
				CLANG_ENABLE_OBJC_WEAK = YES;
				CLANG_WARN_BLOCK_CAPTURE_AUTORELEASING = YES;
				CLANG_WARN_BOOL_CONVERSION = YES;
				CLANG_WARN_COMMA = YES;
				CLANG_WARN_CONSTANT_CONVERSION = YES;
				CLANG_WARN_DEPRECATED_OBJC_IMPLEMENTATIONS = YES;
				CLANG_WARN_DIRECT_OBJC_ISA_USAGE = YES_ERROR;
				CLANG_WARN_DOCUMENTATION_COMMENTS = YES;
				CLANG_WARN_EMPTY_BODY = YES;
				CLANG_WARN_ENUM_CONVERSION = YES;
				CLANG_WARN_INFINITE_RECURSION = YES;
				CLANG_WARN_INT_CONVERSION = YES;
				CLANG_WARN_NON_LITERAL_NULL_CONVERSION = YES;
				CLANG_WARN_OBJC_IMPLICIT_RETAIN_SELF = YES;
				CLANG_WARN_OBJC_LITERAL_CONVERSION = YES;
				CLANG_WARN_OBJC_ROOT_CLASS = YES_ERROR;
				CLANG_WARN_QUOTED_INCLUDE_IN_FRAMEWORK_HEADER = YES;
				CLANG_WARN_RANGE_LOOP_ANALYSIS = YES;
				CLANG_WARN_STRICT_PROTOTYPES = YES;
				CLANG_WARN_SUSPICIOUS_MOVE = YES;
				CLANG_WARN_UNGUARDED_AVAILABILITY = YES_AGGRESSIVE;
				CLANG_WARN_UNREACHABLE_CODE = YES;
				CLANG_WARN__DUPLICATE_METHOD_MATCH = YES;
				COPY_PHASE_STRIP = NO;
				DEBUG_INFORMATION_FORMAT = dwarf;
				ENABLE_STRICT_OBJC_MSGSEND = YES;
				ENABLE_TESTABILITY = YES;
				GCC_C_LANGUAGE_STANDARD = gnu11;
				GCC_DYNAMIC_NO_PIC = NO;
				GCC_NO_COMMON_BLOCKS = YES;
				GCC_OPTIMIZATION_LEVEL = 0;
				GCC_PREPROCESSOR_DEFINITIONS = (
					"DEBUG=1",
					"$(inherited)",
				);
				GCC_WARN_64_TO_32_BIT_CONVERSION = YES;
				GCC_WARN_ABOUT_RETURN_TYPE = YES_ERROR;
				GCC_WARN_UNDECLARED_SELECTOR = YES;
				GCC_WARN_UNINITIALIZED_AUTOS = YES_AGGRESSIVE;
				GCC_WARN_UNUSED_FUNCTION = YES;
				GCC_WARN_UNUSED_VARIABLE = YES;
				IPHONEOS_DEPLOYMENT_TARGET = 15.0;
				MTL_ENABLE_DEBUG_INFO = INCLUDE_SOURCE;
				MTL_FAST_MATH = YES;
				ONLY_ACTIVE_ARCH = YES;
				SWIFT_ACTIVE_COMPILATION_CONDITIONS = DEBUG;
				SWIFT_OPTIMIZATION_LEVEL = "-Onone";
			};
			name = Debug;
		};
		48A7CFCC2A34264E005A92FC /* Release */ = {
			isa = XCBuildConfiguration;
			buildSettings = {
				ALWAYS_SEARCH_USER_PATHS = NO;
				CLANG_ANALYZER_NONNULL = YES;
				CLANG_ANALYZER_NUMBER_OBJECT_CONVERSION = YES_AGGRESSIVE;
				CLANG_CXX_LANGUAGE_STANDARD = "gnu++20";
				CLANG_ENABLE_MODULES = YES;
				CLANG_ENABLE_OBJC_ARC = YES;
				CLANG_ENABLE_OBJC_WEAK = YES;
				CLANG_WARN_BLOCK_CAPTURE_AUTORELEASING = YES;
				CLANG_WARN_BOOL_CONVERSION = YES;
				CLANG_WARN_COMMA = YES;
				CLANG_WARN_CONSTANT_CONVERSION = YES;
				CLANG_WARN_DEPRECATED_OBJC_IMPLEMENTATIONS = YES;
				CLANG_WARN_DIRECT_OBJC_ISA_USAGE = YES_ERROR;
				CLANG_WARN_DOCUMENTATION_COMMENTS = YES;
				CLANG_WARN_EMPTY_BODY = YES;
				CLANG_WARN_ENUM_CONVERSION = YES;
				CLANG_WARN_INFINITE_RECURSION = YES;
				CLANG_WARN_INT_CONVERSION = YES;
				CLANG_WARN_NON_LITERAL_NULL_CONVERSION = YES;
				CLANG_WARN_OBJC_IMPLICIT_RETAIN_SELF = YES;
				CLANG_WARN_OBJC_LITERAL_CONVERSION = YES;
				CLANG_WARN_OBJC_ROOT_CLASS = YES_ERROR;
				CLANG_WARN_QUOTED_INCLUDE_IN_FRAMEWORK_HEADER = YES;
				CLANG_WARN_RANGE_LOOP_ANALYSIS = YES;
				CLANG_WARN_STRICT_PROTOTYPES = YES;
				CLANG_WARN_SUSPICIOUS_MOVE = YES;
				CLANG_WARN_UNGUARDED_AVAILABILITY = YES_AGGRESSIVE;
				CLANG_WARN_UNREACHABLE_CODE = YES;
				CLANG_WARN__DUPLICATE_METHOD_MATCH = YES;
				COPY_PHASE_STRIP = NO;
				DEBUG_INFORMATION_FORMAT = "dwarf-with-dsym";
				ENABLE_NS_ASSERTIONS = NO;
				ENABLE_STRICT_OBJC_MSGSEND = YES;
				GCC_C_LANGUAGE_STANDARD = gnu11;
				GCC_NO_COMMON_BLOCKS = YES;
				GCC_WARN_64_TO_32_BIT_CONVERSION = YES;
				GCC_WARN_ABOUT_RETURN_TYPE = YES_ERROR;
				GCC_WARN_UNDECLARED_SELECTOR = YES;
				GCC_WARN_UNINITIALIZED_AUTOS = YES_AGGRESSIVE;
				GCC_WARN_UNUSED_FUNCTION = YES;
				GCC_WARN_UNUSED_VARIABLE = YES;
				IPHONEOS_DEPLOYMENT_TARGET = 15.0;
				MTL_ENABLE_DEBUG_INFO = NO;
				MTL_FAST_MATH = YES;
				SWIFT_COMPILATION_MODE = wholemodule;
				SWIFT_OPTIMIZATION_LEVEL = "-O";
			};
			name = Release;
		};
		48A7CFCE2A34264E005A92FC /* Debug */ = {
			isa = XCBuildConfiguration;
			baseConfigurationReference = 5B78F456E74989AE8F9F5FD4 /* Pods-ShisyutsuMemo.debug.xcconfig */;
			buildSettings = {
				ASSETCATALOG_COMPILER_APPICON_NAME = AppIcon;
				ASSETCATALOG_COMPILER_GLOBAL_ACCENT_COLOR_NAME = AccentColor;
				CODE_SIGN_ENTITLEMENTS = ShisyutsuMemo/ShisyutsuMemo.entitlements;
				CODE_SIGN_IDENTITY = "Apple Development";
				CODE_SIGN_STYLE = Automatic;
				CURRENT_PROJECT_VERSION = 2;
				DEVELOPMENT_ASSET_PATHS = "\"ShisyutsuMemo/Preview Content\"";
				DEVELOPMENT_TEAM = NM58RL3P2Y;
				ENABLE_HARDENED_RUNTIME = YES;
				ENABLE_PREVIEWS = YES;
				GADApplicationIdentifier = "ca-app-pub-3940256099942544~1458002511";
				GENERATE_INFOPLIST_FILE = YES;
				INFOPLIST_FILE = ShisyutsuMemo/Info.plist;
				INFOPLIST_KEY_CFBundleDisplayName = "支出メモ";
				INFOPLIST_KEY_NSUserTrackingUsageDescription = "This identifier will be used to deliver personalized ads to you.";
				"INFOPLIST_KEY_UIApplicationSceneManifest_Generation[sdk=iphoneos*]" = YES;
				"INFOPLIST_KEY_UIApplicationSceneManifest_Generation[sdk=iphonesimulator*]" = YES;
				"INFOPLIST_KEY_UIApplicationSupportsIndirectInputEvents[sdk=iphoneos*]" = YES;
				"INFOPLIST_KEY_UIApplicationSupportsIndirectInputEvents[sdk=iphonesimulator*]" = YES;
				"INFOPLIST_KEY_UILaunchScreen_Generation[sdk=iphoneos*]" = YES;
				"INFOPLIST_KEY_UILaunchScreen_Generation[sdk=iphonesimulator*]" = YES;
				INFOPLIST_KEY_UIRequiredDeviceCapabilities = armv7;
				"INFOPLIST_KEY_UIStatusBarStyle[sdk=iphoneos*]" = UIStatusBarStyleDefault;
				"INFOPLIST_KEY_UIStatusBarStyle[sdk=iphonesimulator*]" = UIStatusBarStyleDefault;
				INFOPLIST_KEY_UISupportedInterfaceOrientations = "UIInterfaceOrientationPortrait UIInterfaceOrientationLandscapeLeft UIInterfaceOrientationLandscapeRight";
				INFOPLIST_KEY_UISupportedInterfaceOrientations_iPad = "UIInterfaceOrientationPortrait UIInterfaceOrientationPortraitUpsideDown UIInterfaceOrientationLandscapeLeft UIInterfaceOrientationLandscapeRight";
				INFOPLIST_KEY_UISupportedInterfaceOrientations_iPhone = "UIInterfaceOrientationPortrait UIInterfaceOrientationLandscapeLeft UIInterfaceOrientationLandscapeRight";
				IPHONEOS_DEPLOYMENT_TARGET = 15.0;
				LD_RUNPATH_SEARCH_PATHS = "@executable_path/Frameworks";
				"LD_RUNPATH_SEARCH_PATHS[sdk=macosx*]" = "@executable_path/../Frameworks";
				MACOSX_DEPLOYMENT_TARGET = 12.5;
				MARKETING_VERSION = 1.0.0;
				PRODUCT_BUNDLE_IDENTIFIER = "com.icloud-yuu99.331.ShisyutsuMemo";
				PRODUCT_NAME = "$(TARGET_NAME)";
				PROVISIONING_PROFILE_SPECIFIER = "";
				SDKROOT = auto;
				SUPPORTED_PLATFORMS = "iphoneos iphonesimulator macosx";
				SWIFT_EMIT_LOC_STRINGS = YES;
				SWIFT_VERSION = 5.0;
				TARGETED_DEVICE_FAMILY = "1,2";
			};
			name = Debug;
		};
		48A7CFCF2A34264E005A92FC /* Release */ = {
			isa = XCBuildConfiguration;
			baseConfigurationReference = DC0AE609EE0DF854E297F8FE /* Pods-ShisyutsuMemo.release.xcconfig */;
			buildSettings = {
				ASSETCATALOG_COMPILER_APPICON_NAME = AppIcon;
				ASSETCATALOG_COMPILER_GLOBAL_ACCENT_COLOR_NAME = AccentColor;
				CODE_SIGN_ENTITLEMENTS = ShisyutsuMemo/ShisyutsuMemo.entitlements;
				CODE_SIGN_IDENTITY = "Apple Development";
				CODE_SIGN_STYLE = Automatic;
				CURRENT_PROJECT_VERSION = 2;
				DEVELOPMENT_ASSET_PATHS = "\"ShisyutsuMemo/Preview Content\"";
				DEVELOPMENT_TEAM = NM58RL3P2Y;
				ENABLE_HARDENED_RUNTIME = YES;
				ENABLE_PREVIEWS = YES;
				GADApplicationIdentifier = "ca-app-pub-3390578143891201~4544449622";
				GENERATE_INFOPLIST_FILE = YES;
				INFOPLIST_FILE = ShisyutsuMemo/Info.plist;
				INFOPLIST_KEY_CFBundleDisplayName = "支出メモ";
				INFOPLIST_KEY_NSUserTrackingUsageDescription = "This identifier will be used to deliver personalized ads to you.";
				"INFOPLIST_KEY_UIApplicationSceneManifest_Generation[sdk=iphoneos*]" = YES;
				"INFOPLIST_KEY_UIApplicationSceneManifest_Generation[sdk=iphonesimulator*]" = YES;
				"INFOPLIST_KEY_UIApplicationSupportsIndirectInputEvents[sdk=iphoneos*]" = YES;
				"INFOPLIST_KEY_UIApplicationSupportsIndirectInputEvents[sdk=iphonesimulator*]" = YES;
				"INFOPLIST_KEY_UILaunchScreen_Generation[sdk=iphoneos*]" = YES;
				"INFOPLIST_KEY_UILaunchScreen_Generation[sdk=iphonesimulator*]" = YES;
				INFOPLIST_KEY_UIRequiredDeviceCapabilities = armv7;
				"INFOPLIST_KEY_UIStatusBarStyle[sdk=iphoneos*]" = UIStatusBarStyleDefault;
				"INFOPLIST_KEY_UIStatusBarStyle[sdk=iphonesimulator*]" = UIStatusBarStyleDefault;
				INFOPLIST_KEY_UISupportedInterfaceOrientations = "UIInterfaceOrientationPortrait UIInterfaceOrientationLandscapeLeft UIInterfaceOrientationLandscapeRight";
				INFOPLIST_KEY_UISupportedInterfaceOrientations_iPad = "UIInterfaceOrientationPortrait UIInterfaceOrientationPortraitUpsideDown UIInterfaceOrientationLandscapeLeft UIInterfaceOrientationLandscapeRight";
				INFOPLIST_KEY_UISupportedInterfaceOrientations_iPhone = "UIInterfaceOrientationPortrait UIInterfaceOrientationLandscapeLeft UIInterfaceOrientationLandscapeRight";
				IPHONEOS_DEPLOYMENT_TARGET = 15.0;
				LD_RUNPATH_SEARCH_PATHS = "@executable_path/Frameworks";
				"LD_RUNPATH_SEARCH_PATHS[sdk=macosx*]" = "@executable_path/../Frameworks";
				MACOSX_DEPLOYMENT_TARGET = 12.5;
				MARKETING_VERSION = 1.0.0;
				PRODUCT_BUNDLE_IDENTIFIER = "com.icloud-yuu99.331.ShisyutsuMemo";
				PRODUCT_NAME = "$(TARGET_NAME)";
				PROVISIONING_PROFILE_SPECIFIER = "";
				SDKROOT = auto;
				SUPPORTED_PLATFORMS = "iphoneos iphonesimulator macosx";
				SWIFT_EMIT_LOC_STRINGS = YES;
				SWIFT_VERSION = 5.0;
				TARGETED_DEVICE_FAMILY = "1,2";
			};
			name = Release;
		};
/* End XCBuildConfiguration section */

/* Begin XCConfigurationList section */
		48A7CFB92A342647005A92FC /* Build configuration list for PBXProject "ShisyutsuMemo" */ = {
			isa = XCConfigurationList;
			buildConfigurations = (
				48A7CFCB2A34264E005A92FC /* Debug */,
				48A7CFCC2A34264E005A92FC /* Release */,
			);
			defaultConfigurationIsVisible = 0;
			defaultConfigurationName = Release;
		};
		48A7CFCD2A34264E005A92FC /* Build configuration list for PBXNativeTarget "ShisyutsuMemo" */ = {
			isa = XCConfigurationList;
			buildConfigurations = (
				48A7CFCE2A34264E005A92FC /* Debug */,
				48A7CFCF2A34264E005A92FC /* Release */,
			);
			defaultConfigurationIsVisible = 0;
			defaultConfigurationName = Release;
		};
/* End XCConfigurationList section */

/* Begin XCRemoteSwiftPackageReference section */
		48CC997B2A4834F800F35A9E /* XCRemoteSwiftPackageReference "firebase-ios-sdk" */ = {
			isa = XCRemoteSwiftPackageReference;
			repositoryURL = "https://github.com/firebase/firebase-ios-sdk";
			requirement = {
				kind = upToNextMajorVersion;
				minimumVersion = 9.0.0;
			};
		};
/* End XCRemoteSwiftPackageReference section */

/* Begin XCSwiftPackageProductDependency section */
		48CC997C2A4834F800F35A9E /* FirebaseAnalytics */ = {
			isa = XCSwiftPackageProductDependency;
			package = 48CC997B2A4834F800F35A9E /* XCRemoteSwiftPackageReference "firebase-ios-sdk" */;
			productName = FirebaseAnalytics;
		};
/* End XCSwiftPackageProductDependency section */
	};
	rootObject = 48A7CFB62A342647005A92FC /* Project object */;
}
